// !$*UTF8*$!
{
	archiveVersion = 1;
	classes = {
	};
	objectVersion = 50;
	objects = {

/* Begin PBXBuildFile section */
		2364564120C0F42D0044A6F6 /* SPUploadManager.m in Sources */ = {isa = PBXBuildFile; fileRef = 2364564020C0F42D0044A6F6 /* SPUploadManager.m */; };
		2364564420C0F7540044A6F6 /* UIImage+SPExt.m in Sources */ = {isa = PBXBuildFile; fileRef = 2364564320C0F7540044A6F6 /* UIImage+SPExt.m */; };
		23CA481620CF56C600F664DE /* SPLeftBubbleView.m in Sources */ = {isa = PBXBuildFile; fileRef = 23CA481520CF56C600F664DE /* SPLeftBubbleView.m */; };
		23CA481920CF698500F664DE /* SPBubbleImageView.m in Sources */ = {isa = PBXBuildFile; fileRef = 23CA481820CF698500F664DE /* SPBubbleImageView.m */; };
		23D059EC20C4CBA000941858 /* CalenderView.m in Sources */ = {isa = PBXBuildFile; fileRef = 23D059DE20C4CB9F00941858 /* CalenderView.m */; };
		23D059ED20C4CBA000941858 /* CalenderCollectionCell.m in Sources */ = {isa = PBXBuildFile; fileRef = 23D059DF20C4CB9F00941858 /* CalenderCollectionCell.m */; };
		23D059EE20C4CBA000941858 /* CalenderModel.m in Sources */ = {isa = PBXBuildFile; fileRef = 23D059E220C4CB9F00941858 /* CalenderModel.m */; };
		23D059EF20C4CBA000941858 /* CalenderHeaderView.m in Sources */ = {isa = PBXBuildFile; fileRef = 23D059E320C4CB9F00941858 /* CalenderHeaderView.m */; };
		23D059F020C4CBA000941858 /* CalenderWeekView.m in Sources */ = {isa = PBXBuildFile; fileRef = 23D059E420C4CB9F00941858 /* CalenderWeekView.m */; };
		23D059F120C4CBA000941858 /* NSDate+Extension.m in Sources */ = {isa = PBXBuildFile; fileRef = 23D059E620C4CB9F00941858 /* NSDate+Extension.m */; };
		23D059F220C4CBA000941858 /* UIColor+Extension.m in Sources */ = {isa = PBXBuildFile; fileRef = 23D059E720C4CB9F00941858 /* UIColor+Extension.m */; };
		23F31A0620BF88F8006C9CFF /* AppDelegate.m in Sources */ = {isa = PBXBuildFile; fileRef = 23F31A0520BF88F8006C9CFF /* AppDelegate.m */; };
		23F31A0920BF88F8006C9CFF /* ViewController.m in Sources */ = {isa = PBXBuildFile; fileRef = 23F31A0820BF88F8006C9CFF /* ViewController.m */; };
		23F31A0C20BF88F8006C9CFF /* Main.storyboard in Resources */ = {isa = PBXBuildFile; fileRef = 23F31A0A20BF88F8006C9CFF /* Main.storyboard */; };
		23F31A0E20BF88FA006C9CFF /* Assets.xcassets in Resources */ = {isa = PBXBuildFile; fileRef = 23F31A0D20BF88FA006C9CFF /* Assets.xcassets */; };
		23F31A1120BF88FA006C9CFF /* LaunchScreen.storyboard in Resources */ = {isa = PBXBuildFile; fileRef = 23F31A0F20BF88FA006C9CFF /* LaunchScreen.storyboard */; };
		23F31A1420BF88FA006C9CFF /* main.m in Sources */ = {isa = PBXBuildFile; fileRef = 23F31A1320BF88FA006C9CFF /* main.m */; };
		23F31A1E20BF88FA006C9CFF /* ScaneDemoTests.m in Sources */ = {isa = PBXBuildFile; fileRef = 23F31A1D20BF88FA006C9CFF /* ScaneDemoTests.m */; };
		23F31A2920BF88FA006C9CFF /* ScaneDemoUITests.m in Sources */ = {isa = PBXBuildFile; fileRef = 23F31A2820BF88FA006C9CFF /* ScaneDemoUITests.m */; };
		23F31A3820BF8958006C9CFF /* SPScanePreview.m in Sources */ = {isa = PBXBuildFile; fileRef = 23F31A3720BF8958006C9CFF /* SPScanePreview.m */; };
		23F31A3B20BF8A52006C9CFF /* SPScanManager.m in Sources */ = {isa = PBXBuildFile; fileRef = 23F31A3A20BF8A52006C9CFF /* SPScanManager.m */; };
		23F31A3E20BFA355006C9CFF /* SPScanVC.m in Sources */ = {isa = PBXBuildFile; fileRef = 23F31A3D20BFA355006C9CFF /* SPScanVC.m */; };
		23F31A4120BFA5D5006C9CFF /* SPScanBoxView.m in Sources */ = {isa = PBXBuildFile; fileRef = 23F31A4020BFA5D5006C9CFF /* SPScanBoxView.m */; };
		4E001911F96F57DE3676D0B2 /* libPods-ScaneDemo.a in Frameworks */ = {isa = PBXBuildFile; fileRef = 6148368903B9C75D834522C3 /* libPods-ScaneDemo.a */; };
		65338DC392F9FADC629775A4 /* libPods-ScaneDemoTests.a in Frameworks */ = {isa = PBXBuildFile; fileRef = BC9102D728D7A1A3D0654556 /* libPods-ScaneDemoTests.a */; };
		CC0FF752D52BD913B066D6BA /* libPods-ScaneDemoUITests.a in Frameworks */ = {isa = PBXBuildFile; fileRef = 8D9906A045F37A33DBE76E24 /* libPods-ScaneDemoUITests.a */; };
/* End PBXBuildFile section */

/* Begin PBXContainerItemProxy section */
		23F31A1A20BF88FA006C9CFF /* PBXContainerItemProxy */ = {
			isa = PBXContainerItemProxy;
			containerPortal = 23F319F920BF88F8006C9CFF /* Project object */;
			proxyType = 1;
			remoteGlobalIDString = 23F31A0020BF88F8006C9CFF;
			remoteInfo = ScaneDemo;
		};
		23F31A2520BF88FA006C9CFF /* PBXContainerItemProxy */ = {
			isa = PBXContainerItemProxy;
			containerPortal = 23F319F920BF88F8006C9CFF /* Project object */;
			proxyType = 1;
			remoteGlobalIDString = 23F31A0020BF88F8006C9CFF;
			remoteInfo = ScaneDemo;
		};
/* End PBXContainerItemProxy section */

/* Begin PBXFileReference section */
		2364563F20C0F42D0044A6F6 /* SPUploadManager.h */ = {isa = PBXFileReference; lastKnownFileType = sourcecode.c.h; path = SPUploadManager.h; sourceTree = "<group>"; };
		2364564020C0F42D0044A6F6 /* SPUploadManager.m */ = {isa = PBXFileReference; lastKnownFileType = sourcecode.c.objc; path = SPUploadManager.m; sourceTree = "<group>"; };
		2364564220C0F7540044A6F6 /* UIImage+SPExt.h */ = {isa = PBXFileReference; lastKnownFileType = sourcecode.c.h; path = "UIImage+SPExt.h"; sourceTree = "<group>"; };
		2364564320C0F7540044A6F6 /* UIImage+SPExt.m */ = {isa = PBXFileReference; lastKnownFileType = sourcecode.c.objc; path = "UIImage+SPExt.m"; sourceTree = "<group>"; };
		23CA481420CF56C600F664DE /* SPLeftBubbleView.h */ = {isa = PBXFileReference; lastKnownFileType = sourcecode.c.h; path = SPLeftBubbleView.h; sourceTree = "<group>"; };
		23CA481520CF56C600F664DE /* SPLeftBubbleView.m */ = {isa = PBXFileReference; lastKnownFileType = sourcecode.c.objc; path = SPLeftBubbleView.m; sourceTree = "<group>"; };
		23CA481720CF698500F664DE /* SPBubbleImageView.h */ = {isa = PBXFileReference; lastKnownFileType = sourcecode.c.h; path = SPBubbleImageView.h; sourceTree = "<group>"; };
		23CA481820CF698500F664DE /* SPBubbleImageView.m */ = {isa = PBXFileReference; lastKnownFileType = sourcecode.c.objc; path = SPBubbleImageView.m; sourceTree = "<group>"; };
		23D059DE20C4CB9F00941858 /* CalenderView.m */ = {isa = PBXFileReference; fileEncoding = 4; lastKnownFileType = sourcecode.c.objc; path = CalenderView.m; sourceTree = "<group>"; };
		23D059DF20C4CB9F00941858 /* CalenderCollectionCell.m */ = {isa = PBXFileReference; fileEncoding = 4; lastKnownFileType = sourcecode.c.objc; path = CalenderCollectionCell.m; sourceTree = "<group>"; };
		23D059E020C4CB9F00941858 /* UIColor+Extension.h */ = {isa = PBXFileReference; fileEncoding = 4; lastKnownFileType = sourcecode.c.h; path = "UIColor+Extension.h"; sourceTree = "<group>"; };
		23D059E120C4CB9F00941858 /* NSDate+Extension.h */ = {isa = PBXFileReference; fileEncoding = 4; lastKnownFileType = sourcecode.c.h; path = "NSDate+Extension.h"; sourceTree = "<group>"; };
		23D059E220C4CB9F00941858 /* CalenderModel.m */ = {isa = PBXFileReference; fileEncoding = 4; lastKnownFileType = sourcecode.c.objc; path = CalenderModel.m; sourceTree = "<group>"; };
		23D059E320C4CB9F00941858 /* CalenderHeaderView.m */ = {isa = PBXFileReference; fileEncoding = 4; lastKnownFileType = sourcecode.c.objc; path = CalenderHeaderView.m; sourceTree = "<group>"; };
		23D059E420C4CB9F00941858 /* CalenderWeekView.m */ = {isa = PBXFileReference; fileEncoding = 4; lastKnownFileType = sourcecode.c.objc; path = CalenderWeekView.m; sourceTree = "<group>"; };
		23D059E520C4CB9F00941858 /* CalenderView.h */ = {isa = PBXFileReference; fileEncoding = 4; lastKnownFileType = sourcecode.c.h; path = CalenderView.h; sourceTree = "<group>"; };
		23D059E620C4CB9F00941858 /* NSDate+Extension.m */ = {isa = PBXFileReference; fileEncoding = 4; lastKnownFileType = sourcecode.c.objc; path = "NSDate+Extension.m"; sourceTree = "<group>"; };
		23D059E720C4CB9F00941858 /* UIColor+Extension.m */ = {isa = PBXFileReference; fileEncoding = 4; lastKnownFileType = sourcecode.c.objc; path = "UIColor+Extension.m"; sourceTree = "<group>"; };
		23D059E820C4CB9F00941858 /* CalenderCollectionCell.h */ = {isa = PBXFileReference; fileEncoding = 4; lastKnownFileType = sourcecode.c.h; path = CalenderCollectionCell.h; sourceTree = "<group>"; };
		23D059E920C4CB9F00941858 /* CalenderModel.h */ = {isa = PBXFileReference; fileEncoding = 4; lastKnownFileType = sourcecode.c.h; path = CalenderModel.h; sourceTree = "<group>"; };
		23D059EA20C4CB9F00941858 /* CalenderWeekView.h */ = {isa = PBXFileReference; fileEncoding = 4; lastKnownFileType = sourcecode.c.h; path = CalenderWeekView.h; sourceTree = "<group>"; };
		23D059EB20C4CB9F00941858 /* CalenderHeaderView.h */ = {isa = PBXFileReference; fileEncoding = 4; lastKnownFileType = sourcecode.c.h; path = CalenderHeaderView.h; sourceTree = "<group>"; };
		23F31A0120BF88F8006C9CFF /* ScaneDemo.app */ = {isa = PBXFileReference; explicitFileType = wrapper.application; includeInIndex = 0; path = ScaneDemo.app; sourceTree = BUILT_PRODUCTS_DIR; };
		23F31A0420BF88F8006C9CFF /* AppDelegate.h */ = {isa = PBXFileReference; lastKnownFileType = sourcecode.c.h; path = AppDelegate.h; sourceTree = "<group>"; };
		23F31A0520BF88F8006C9CFF /* AppDelegate.m */ = {isa = PBXFileReference; lastKnownFileType = sourcecode.c.objc; path = AppDelegate.m; sourceTree = "<group>"; };
		23F31A0720BF88F8006C9CFF /* ViewController.h */ = {isa = PBXFileReference; lastKnownFileType = sourcecode.c.h; path = ViewController.h; sourceTree = "<group>"; };
		23F31A0820BF88F8006C9CFF /* ViewController.m */ = {isa = PBXFileReference; lastKnownFileType = sourcecode.c.objc; path = ViewController.m; sourceTree = "<group>"; };
		23F31A0B20BF88F8006C9CFF /* Base */ = {isa = PBXFileReference; lastKnownFileType = file.storyboard; name = Base; path = Base.lproj/Main.storyboard; sourceTree = "<group>"; };
		23F31A0D20BF88FA006C9CFF /* Assets.xcassets */ = {isa = PBXFileReference; lastKnownFileType = folder.assetcatalog; path = Assets.xcassets; sourceTree = "<group>"; };
		23F31A1020BF88FA006C9CFF /* Base */ = {isa = PBXFileReference; lastKnownFileType = file.storyboard; name = Base; path = Base.lproj/LaunchScreen.storyboard; sourceTree = "<group>"; };
		23F31A1220BF88FA006C9CFF /* Info.plist */ = {isa = PBXFileReference; lastKnownFileType = text.plist.xml; path = Info.plist; sourceTree = "<group>"; };
		23F31A1320BF88FA006C9CFF /* main.m */ = {isa = PBXFileReference; lastKnownFileType = sourcecode.c.objc; path = main.m; sourceTree = "<group>"; };
		23F31A1920BF88FA006C9CFF /* ScaneDemoTests.xctest */ = {isa = PBXFileReference; explicitFileType = wrapper.cfbundle; includeInIndex = 0; path = ScaneDemoTests.xctest; sourceTree = BUILT_PRODUCTS_DIR; };
		23F31A1D20BF88FA006C9CFF /* ScaneDemoTests.m */ = {isa = PBXFileReference; lastKnownFileType = sourcecode.c.objc; path = ScaneDemoTests.m; sourceTree = "<group>"; };
		23F31A1F20BF88FA006C9CFF /* Info.plist */ = {isa = PBXFileReference; lastKnownFileType = text.plist.xml; path = Info.plist; sourceTree = "<group>"; };
		23F31A2420BF88FA006C9CFF /* ScaneDemoUITests.xctest */ = {isa = PBXFileReference; explicitFileType = wrapper.cfbundle; includeInIndex = 0; path = ScaneDemoUITests.xctest; sourceTree = BUILT_PRODUCTS_DIR; };
		23F31A2820BF88FA006C9CFF /* ScaneDemoUITests.m */ = {isa = PBXFileReference; lastKnownFileType = sourcecode.c.objc; path = ScaneDemoUITests.m; sourceTree = "<group>"; };
		23F31A2A20BF88FA006C9CFF /* Info.plist */ = {isa = PBXFileReference; lastKnownFileType = text.plist.xml; path = Info.plist; sourceTree = "<group>"; };
		23F31A3620BF8958006C9CFF /* SPScanePreview.h */ = {isa = PBXFileReference; lastKnownFileType = sourcecode.c.h; path = SPScanePreview.h; sourceTree = "<group>"; };
		23F31A3720BF8958006C9CFF /* SPScanePreview.m */ = {isa = PBXFileReference; lastKnownFileType = sourcecode.c.objc; path = SPScanePreview.m; sourceTree = "<group>"; };
		23F31A3920BF8A52006C9CFF /* SPScanManager.h */ = {isa = PBXFileReference; lastKnownFileType = sourcecode.c.h; path = SPScanManager.h; sourceTree = "<group>"; };
		23F31A3A20BF8A52006C9CFF /* SPScanManager.m */ = {isa = PBXFileReference; lastKnownFileType = sourcecode.c.objc; path = SPScanManager.m; sourceTree = "<group>"; };
		23F31A3C20BFA355006C9CFF /* SPScanVC.h */ = {isa = PBXFileReference; lastKnownFileType = sourcecode.c.h; path = SPScanVC.h; sourceTree = "<group>"; };
		23F31A3D20BFA355006C9CFF /* SPScanVC.m */ = {isa = PBXFileReference; lastKnownFileType = sourcecode.c.objc; path = SPScanVC.m; sourceTree = "<group>"; };
		23F31A3F20BFA5D5006C9CFF /* SPScanBoxView.h */ = {isa = PBXFileReference; lastKnownFileType = sourcecode.c.h; path = SPScanBoxView.h; sourceTree = "<group>"; };
		23F31A4020BFA5D5006C9CFF /* SPScanBoxView.m */ = {isa = PBXFileReference; lastKnownFileType = sourcecode.c.objc; path = SPScanBoxView.m; sourceTree = "<group>"; };
		23F31A4220BFC0C5006C9CFF /* SPSaneHead.h */ = {isa = PBXFileReference; lastKnownFileType = sourcecode.c.h; path = SPSaneHead.h; sourceTree = "<group>"; };
		2DE9699D518309814226D672 /* Pods-ScaneDemo.debug.xcconfig */ = {isa = PBXFileReference; includeInIndex = 1; lastKnownFileType = text.xcconfig; name = "Pods-ScaneDemo.debug.xcconfig"; path = "Pods/Target Support Files/Pods-ScaneDemo/Pods-ScaneDemo.debug.xcconfig"; sourceTree = "<group>"; };
		6148368903B9C75D834522C3 /* libPods-ScaneDemo.a */ = {isa = PBXFileReference; explicitFileType = archive.ar; includeInIndex = 0; path = "libPods-ScaneDemo.a"; sourceTree = BUILT_PRODUCTS_DIR; };
		80233CEEEDC12DDD93F8E805 /* Pods-ScaneDemo.release.xcconfig */ = {isa = PBXFileReference; includeInIndex = 1; lastKnownFileType = text.xcconfig; name = "Pods-ScaneDemo.release.xcconfig"; path = "Pods/Target Support Files/Pods-ScaneDemo/Pods-ScaneDemo.release.xcconfig"; sourceTree = "<group>"; };
		882FDCF75B57DF9FE755CBE6 /* Pods-ScaneDemoTests.release.xcconfig */ = {isa = PBXFileReference; includeInIndex = 1; lastKnownFileType = text.xcconfig; name = "Pods-ScaneDemoTests.release.xcconfig"; path = "Pods/Target Support Files/Pods-ScaneDemoTests/Pods-ScaneDemoTests.release.xcconfig"; sourceTree = "<group>"; };
		888E8DAEC20A96576734AC25 /* Pods-ScaneDemoTests.debug.xcconfig */ = {isa = PBXFileReference; includeInIndex = 1; lastKnownFileType = text.xcconfig; name = "Pods-ScaneDemoTests.debug.xcconfig"; path = "Pods/Target Support Files/Pods-ScaneDemoTests/Pods-ScaneDemoTests.debug.xcconfig"; sourceTree = "<group>"; };
		8D9906A045F37A33DBE76E24 /* libPods-ScaneDemoUITests.a */ = {isa = PBXFileReference; explicitFileType = archive.ar; includeInIndex = 0; path = "libPods-ScaneDemoUITests.a"; sourceTree = BUILT_PRODUCTS_DIR; };
		B3FE97AE4C8AD4830B723902 /* Pods-ScaneDemoUITests.release.xcconfig */ = {isa = PBXFileReference; includeInIndex = 1; lastKnownFileType = text.xcconfig; name = "Pods-ScaneDemoUITests.release.xcconfig"; path = "Pods/Target Support Files/Pods-ScaneDemoUITests/Pods-ScaneDemoUITests.release.xcconfig"; sourceTree = "<group>"; };
		BC9102D728D7A1A3D0654556 /* libPods-ScaneDemoTests.a */ = {isa = PBXFileReference; explicitFileType = archive.ar; includeInIndex = 0; path = "libPods-ScaneDemoTests.a"; sourceTree = BUILT_PRODUCTS_DIR; };
		C13B86AA4A285FC68B3BE143 /* Pods-ScaneDemoUITests.debug.xcconfig */ = {isa = PBXFileReference; includeInIndex = 1; lastKnownFileType = text.xcconfig; name = "Pods-ScaneDemoUITests.debug.xcconfig"; path = "Pods/Target Support Files/Pods-ScaneDemoUITests/Pods-ScaneDemoUITests.debug.xcconfig"; sourceTree = "<group>"; };
/* End PBXFileReference section */

/* Begin PBXFrameworksBuildPhase section */
		23F319FE20BF88F8006C9CFF /* Frameworks */ = {
			isa = PBXFrameworksBuildPhase;
			buildActionMask = 2147483647;
			files = (
				4E001911F96F57DE3676D0B2 /* libPods-ScaneDemo.a in Frameworks */,
			);
			runOnlyForDeploymentPostprocessing = 0;
		};
		23F31A1620BF88FA006C9CFF /* Frameworks */ = {
			isa = PBXFrameworksBuildPhase;
			buildActionMask = 2147483647;
			files = (
				65338DC392F9FADC629775A4 /* libPods-ScaneDemoTests.a in Frameworks */,
			);
			runOnlyForDeploymentPostprocessing = 0;
		};
		23F31A2120BF88FA006C9CFF /* Frameworks */ = {
			isa = PBXFrameworksBuildPhase;
			buildActionMask = 2147483647;
			files = (
				CC0FF752D52BD913B066D6BA /* libPods-ScaneDemoUITests.a in Frameworks */,
			);
			runOnlyForDeploymentPostprocessing = 0;
		};
/* End PBXFrameworksBuildPhase section */

/* Begin PBXGroup section */
		1176757D60DF0D544D6F1EF6 /* Pods */ = {
			isa = PBXGroup;
			children = (
				2DE9699D518309814226D672 /* Pods-ScaneDemo.debug.xcconfig */,
				80233CEEEDC12DDD93F8E805 /* Pods-ScaneDemo.release.xcconfig */,
				888E8DAEC20A96576734AC25 /* Pods-ScaneDemoTests.debug.xcconfig */,
				882FDCF75B57DF9FE755CBE6 /* Pods-ScaneDemoTests.release.xcconfig */,
				C13B86AA4A285FC68B3BE143 /* Pods-ScaneDemoUITests.debug.xcconfig */,
				B3FE97AE4C8AD4830B723902 /* Pods-ScaneDemoUITests.release.xcconfig */,
			);
			name = Pods;
			sourceTree = "<group>";
		};
		23D059DD20C4CB9F00941858 /* Calender */ = {
			isa = PBXGroup;
			children = (
				23D059DE20C4CB9F00941858 /* CalenderView.m */,
				23D059DF20C4CB9F00941858 /* CalenderCollectionCell.m */,
				23D059E020C4CB9F00941858 /* UIColor+Extension.h */,
				23D059E120C4CB9F00941858 /* NSDate+Extension.h */,
				23D059E220C4CB9F00941858 /* CalenderModel.m */,
				23D059E320C4CB9F00941858 /* CalenderHeaderView.m */,
				23D059E420C4CB9F00941858 /* CalenderWeekView.m */,
				23D059E520C4CB9F00941858 /* CalenderView.h */,
				23D059E620C4CB9F00941858 /* NSDate+Extension.m */,
				23D059E720C4CB9F00941858 /* UIColor+Extension.m */,
				23D059E820C4CB9F00941858 /* CalenderCollectionCell.h */,
				23D059E920C4CB9F00941858 /* CalenderModel.h */,
				23D059EA20C4CB9F00941858 /* CalenderWeekView.h */,
				23D059EB20C4CB9F00941858 /* CalenderHeaderView.h */,
			);
			path = Calender;
			sourceTree = "<group>";
		};
		23F319F820BF88F8006C9CFF = {
			isa = PBXGroup;
			children = (
				23F31A0320BF88F8006C9CFF /* ScaneDemo */,
				23F31A1C20BF88FA006C9CFF /* ScaneDemoTests */,
				23F31A2720BF88FA006C9CFF /* ScaneDemoUITests */,
				23F31A0220BF88F8006C9CFF /* Products */,
				1176757D60DF0D544D6F1EF6 /* Pods */,
				309FCAED48F7F1DC82494F31 /* Frameworks */,
			);
			sourceTree = "<group>";
		};
		23F31A0220BF88F8006C9CFF /* Products */ = {
			isa = PBXGroup;
			children = (
				23F31A0120BF88F8006C9CFF /* ScaneDemo.app */,
				23F31A1920BF88FA006C9CFF /* ScaneDemoTests.xctest */,
				23F31A2420BF88FA006C9CFF /* ScaneDemoUITests.xctest */,
			);
			name = Products;
			sourceTree = "<group>";
		};
		23F31A0320BF88F8006C9CFF /* ScaneDemo */ = {
			isa = PBXGroup;
			children = (
				23D059DD20C4CB9F00941858 /* Calender */,
				23F31A0420BF88F8006C9CFF /* AppDelegate.h */,
				23F31A0520BF88F8006C9CFF /* AppDelegate.m */,
				23F31A0720BF88F8006C9CFF /* ViewController.h */,
				23F31A0820BF88F8006C9CFF /* ViewController.m */,
				23F31A3C20BFA355006C9CFF /* SPScanVC.h */,
				23F31A3D20BFA355006C9CFF /* SPScanVC.m */,
				23F31A3F20BFA5D5006C9CFF /* SPScanBoxView.h */,
				23F31A4020BFA5D5006C9CFF /* SPScanBoxView.m */,
				23F31A3620BF8958006C9CFF /* SPScanePreview.h */,
				23F31A3720BF8958006C9CFF /* SPScanePreview.m */,
				23F31A3920BF8A52006C9CFF /* SPScanManager.h */,
				23F31A3A20BF8A52006C9CFF /* SPScanManager.m */,
				23F31A4220BFC0C5006C9CFF /* SPSaneHead.h */,
				23CA481420CF56C600F664DE /* SPLeftBubbleView.h */,
				23CA481520CF56C600F664DE /* SPLeftBubbleView.m */,
				23CA481720CF698500F664DE /* SPBubbleImageView.h */,
				23CA481820CF698500F664DE /* SPBubbleImageView.m */,
				23F31A0A20BF88F8006C9CFF /* Main.storyboard */,
				23F31A0D20BF88FA006C9CFF /* Assets.xcassets */,
				23F31A0F20BF88FA006C9CFF /* LaunchScreen.storyboard */,
				23F31A1220BF88FA006C9CFF /* Info.plist */,
				23F31A1320BF88FA006C9CFF /* main.m */,
				2364563F20C0F42D0044A6F6 /* SPUploadManager.h */,
				2364564020C0F42D0044A6F6 /* SPUploadManager.m */,
				2364564220C0F7540044A6F6 /* UIImage+SPExt.h */,
				2364564320C0F7540044A6F6 /* UIImage+SPExt.m */,
			);
			path = ScaneDemo;
			sourceTree = "<group>";
		};
		23F31A1C20BF88FA006C9CFF /* ScaneDemoTests */ = {
			isa = PBXGroup;
			children = (
				23F31A1D20BF88FA006C9CFF /* ScaneDemoTests.m */,
				23F31A1F20BF88FA006C9CFF /* Info.plist */,
			);
			path = ScaneDemoTests;
			sourceTree = "<group>";
		};
		23F31A2720BF88FA006C9CFF /* ScaneDemoUITests */ = {
			isa = PBXGroup;
			children = (
				23F31A2820BF88FA006C9CFF /* ScaneDemoUITests.m */,
				23F31A2A20BF88FA006C9CFF /* Info.plist */,
			);
			path = ScaneDemoUITests;
			sourceTree = "<group>";
		};
		309FCAED48F7F1DC82494F31 /* Frameworks */ = {
			isa = PBXGroup;
			children = (
				6148368903B9C75D834522C3 /* libPods-ScaneDemo.a */,
				BC9102D728D7A1A3D0654556 /* libPods-ScaneDemoTests.a */,
				8D9906A045F37A33DBE76E24 /* libPods-ScaneDemoUITests.a */,
			);
			name = Frameworks;
			sourceTree = "<group>";
		};
/* End PBXGroup section */

/* Begin PBXNativeTarget section */
		23F31A0020BF88F8006C9CFF /* ScaneDemo */ = {
			isa = PBXNativeTarget;
			buildConfigurationList = 23F31A2D20BF88FA006C9CFF /* Build configuration list for PBXNativeTarget "ScaneDemo" */;
			buildPhases = (
				407C3CEE36EEF9623EB4DE97 /* [CP] Check Pods Manifest.lock */,
				23F319FD20BF88F8006C9CFF /* Sources */,
				23F319FE20BF88F8006C9CFF /* Frameworks */,
				23F319FF20BF88F8006C9CFF /* Resources */,
			);
			buildRules = (
			);
			dependencies = (
			);
			name = ScaneDemo;
			productName = ScaneDemo;
			productReference = 23F31A0120BF88F8006C9CFF /* ScaneDemo.app */;
			productType = "com.apple.product-type.application";
		};
		23F31A1820BF88FA006C9CFF /* ScaneDemoTests */ = {
			isa = PBXNativeTarget;
			buildConfigurationList = 23F31A3020BF88FA006C9CFF /* Build configuration list for PBXNativeTarget "ScaneDemoTests" */;
			buildPhases = (
				DD80E32D219CB26A5489D79A /* [CP] Check Pods Manifest.lock */,
				23F31A1520BF88FA006C9CFF /* Sources */,
				23F31A1620BF88FA006C9CFF /* Frameworks */,
				23F31A1720BF88FA006C9CFF /* Resources */,
			);
			buildRules = (
			);
			dependencies = (
				23F31A1B20BF88FA006C9CFF /* PBXTargetDependency */,
			);
			name = ScaneDemoTests;
			productName = ScaneDemoTests;
			productReference = 23F31A1920BF88FA006C9CFF /* ScaneDemoTests.xctest */;
			productType = "com.apple.product-type.bundle.unit-test";
		};
		23F31A2320BF88FA006C9CFF /* ScaneDemoUITests */ = {
			isa = PBXNativeTarget;
			buildConfigurationList = 23F31A3320BF88FA006C9CFF /* Build configuration list for PBXNativeTarget "ScaneDemoUITests" */;
			buildPhases = (
				4DC2486AE8F768D2FD2DB080 /* [CP] Check Pods Manifest.lock */,
				23F31A2020BF88FA006C9CFF /* Sources */,
				23F31A2120BF88FA006C9CFF /* Frameworks */,
				23F31A2220BF88FA006C9CFF /* Resources */,
			);
			buildRules = (
			);
			dependencies = (
				23F31A2620BF88FA006C9CFF /* PBXTargetDependency */,
			);
			name = ScaneDemoUITests;
			productName = ScaneDemoUITests;
			productReference = 23F31A2420BF88FA006C9CFF /* ScaneDemoUITests.xctest */;
			productType = "com.apple.product-type.bundle.ui-testing";
		};
/* End PBXNativeTarget section */

/* Begin PBXProject section */
		23F319F920BF88F8006C9CFF /* Project object */ = {
			isa = PBXProject;
			attributes = {
				LastUpgradeCheck = 0930;
				ORGANIZATIONNAME = okdeer;
				TargetAttributes = {
					23F31A0020BF88F8006C9CFF = {
						CreatedOnToolsVersion = 9.3.1;
					};
					23F31A1820BF88FA006C9CFF = {
						CreatedOnToolsVersion = 9.3.1;
						TestTargetID = 23F31A0020BF88F8006C9CFF;
					};
					23F31A2320BF88FA006C9CFF = {
						CreatedOnToolsVersion = 9.3.1;
						TestTargetID = 23F31A0020BF88F8006C9CFF;
					};
				};
			};
			buildConfigurationList = 23F319FC20BF88F8006C9CFF /* Build configuration list for PBXProject "ScaneDemo" */;
			compatibilityVersion = "Xcode 9.3";
			developmentRegion = en;
			hasScannedForEncodings = 0;
			knownRegions = (
				en,
				Base,
			);
			mainGroup = 23F319F820BF88F8006C9CFF;
			productRefGroup = 23F31A0220BF88F8006C9CFF /* Products */;
			projectDirPath = "";
			projectRoot = "";
			targets = (
				23F31A0020BF88F8006C9CFF /* ScaneDemo */,
				23F31A1820BF88FA006C9CFF /* ScaneDemoTests */,
				23F31A2320BF88FA006C9CFF /* ScaneDemoUITests */,
			);
		};
/* End PBXProject section */

/* Begin PBXResourcesBuildPhase section */
		23F319FF20BF88F8006C9CFF /* Resources */ = {
			isa = PBXResourcesBuildPhase;
			buildActionMask = 2147483647;
			files = (
				23F31A1120BF88FA006C9CFF /* LaunchScreen.storyboard in Resources */,
				23F31A0E20BF88FA006C9CFF /* Assets.xcassets in Resources */,
				23F31A0C20BF88F8006C9CFF /* Main.storyboard in Resources */,
			);
			runOnlyForDeploymentPostprocessing = 0;
		};
		23F31A1720BF88FA006C9CFF /* Resources */ = {
			isa = PBXResourcesBuildPhase;
			buildActionMask = 2147483647;
			files = (
			);
			runOnlyForDeploymentPostprocessing = 0;
		};
		23F31A2220BF88FA006C9CFF /* Resources */ = {
			isa = PBXResourcesBuildPhase;
			buildActionMask = 2147483647;
			files = (
			);
			runOnlyForDeploymentPostprocessing = 0;
		};
/* End PBXResourcesBuildPhase section */

/* Begin PBXShellScriptBuildPhase section */
		407C3CEE36EEF9623EB4DE97 /* [CP] Check Pods Manifest.lock */ = {
			isa = PBXShellScriptBuildPhase;
			buildActionMask = 2147483647;
			files = (
			);
			inputPaths = (
				"${PODS_PODFILE_DIR_PATH}/Podfile.lock",
				"${PODS_ROOT}/Manifest.lock",
			);
			name = "[CP] Check Pods Manifest.lock";
			outputPaths = (
				"$(DERIVED_FILE_DIR)/Pods-ScaneDemo-checkManifestLockResult.txt",
			);
			runOnlyForDeploymentPostprocessing = 0;
			shellPath = /bin/sh;
			shellScript = "diff \"${PODS_PODFILE_DIR_PATH}/Podfile.lock\" \"${PODS_ROOT}/Manifest.lock\" > /dev/null\nif [ $? != 0 ] ; then\n    # print error to STDERR\n    echo \"error: The sandbox is not in sync with the Podfile.lock. Run 'pod install' or update your CocoaPods installation.\" >&2\n    exit 1\nfi\n# This output is used by Xcode 'outputs' to avoid re-running this script phase.\necho \"SUCCESS\" > \"${SCRIPT_OUTPUT_FILE_0}\"\n";
			showEnvVarsInLog = 0;
		};
		4DC2486AE8F768D2FD2DB080 /* [CP] Check Pods Manifest.lock */ = {
			isa = PBXShellScriptBuildPhase;
			buildActionMask = 2147483647;
			files = (
			);
			inputPaths = (
				"${PODS_PODFILE_DIR_PATH}/Podfile.lock",
				"${PODS_ROOT}/Manifest.lock",
			);
			name = "[CP] Check Pods Manifest.lock";
			outputPaths = (
				"$(DERIVED_FILE_DIR)/Pods-ScaneDemoUITests-checkManifestLockResult.txt",
			);
			runOnlyForDeploymentPostprocessing = 0;
			shellPath = /bin/sh;
			shellScript = "diff \"${PODS_PODFILE_DIR_PATH}/Podfile.lock\" \"${PODS_ROOT}/Manifest.lock\" > /dev/null\nif [ $? != 0 ] ; then\n    # print error to STDERR\n    echo \"error: The sandbox is not in sync with the Podfile.lock. Run 'pod install' or update your CocoaPods installation.\" >&2\n    exit 1\nfi\n# This output is used by Xcode 'outputs' to avoid re-running this script phase.\necho \"SUCCESS\" > \"${SCRIPT_OUTPUT_FILE_0}\"\n";
			showEnvVarsInLog = 0;
		};
		DD80E32D219CB26A5489D79A /* [CP] Check Pods Manifest.lock */ = {
			isa = PBXShellScriptBuildPhase;
			buildActionMask = 2147483647;
			files = (
			);
			inputPaths = (
				"${PODS_PODFILE_DIR_PATH}/Podfile.lock",
				"${PODS_ROOT}/Manifest.lock",
			);
			name = "[CP] Check Pods Manifest.lock";
			outputPaths = (
				"$(DERIVED_FILE_DIR)/Pods-ScaneDemoTests-checkManifestLockResult.txt",
			);
			runOnlyForDeploymentPostprocessing = 0;
			shellPath = /bin/sh;
			shellScript = "diff \"${PODS_PODFILE_DIR_PATH}/Podfile.lock\" \"${PODS_ROOT}/Manifest.lock\" > /dev/null\nif [ $? != 0 ] ; then\n    # print error to STDERR\n    echo \"error: The sandbox is not in sync with the Podfile.lock. Run 'pod install' or update your CocoaPods installation.\" >&2\n    exit 1\nfi\n# This output is used by Xcode 'outputs' to avoid re-running this script phase.\necho \"SUCCESS\" > \"${SCRIPT_OUTPUT_FILE_0}\"\n";
			showEnvVarsInLog = 0;
		};
/* End PBXShellScriptBuildPhase section */

/* Begin PBXSourcesBuildPhase section */
		23F319FD20BF88F8006C9CFF /* Sources */ = {
			isa = PBXSourcesBuildPhase;
			buildActionMask = 2147483647;
			files = (
				23D059F020C4CBA000941858 /* CalenderWeekView.m in Sources */,
				23F31A0920BF88F8006C9CFF /* ViewController.m in Sources */,
				23D059EF20C4CBA000941858 /* CalenderHeaderView.m in Sources */,
				23D059F220C4CBA000941858 /* UIColor+Extension.m in Sources */,
				23D059EE20C4CBA000941858 /* CalenderModel.m in Sources */,
				23F31A1420BF88FA006C9CFF /* main.m in Sources */,
				23D059ED20C4CBA000941858 /* CalenderCollectionCell.m in Sources */,
				23CA481620CF56C600F664DE /* SPLeftBubbleView.m in Sources */,
				23F31A3E20BFA355006C9CFF /* SPScanVC.m in Sources */,
				23F31A3820BF8958006C9CFF /* SPScanePreview.m in Sources */,
				23D059EC20C4CBA000941858 /* CalenderView.m in Sources */,
				2364564420C0F7540044A6F6 /* UIImage+SPExt.m in Sources */,
				23F31A3B20BF8A52006C9CFF /* SPScanManager.m in Sources */,
				23CA481920CF698500F664DE /* SPBubbleImageView.m in Sources */,
				23D059F120C4CBA000941858 /* NSDate+Extension.m in Sources */,
				23F31A0620BF88F8006C9CFF /* AppDelegate.m in Sources */,
				23F31A4120BFA5D5006C9CFF /* SPScanBoxView.m in Sources */,
				2364564120C0F42D0044A6F6 /* SPUploadManager.m in Sources */,
			);
			runOnlyForDeploymentPostprocessing = 0;
		};
		23F31A1520BF88FA006C9CFF /* Sources */ = {
			isa = PBXSourcesBuildPhase;
			buildActionMask = 2147483647;
			files = (
				23F31A1E20BF88FA006C9CFF /* ScaneDemoTests.m in Sources */,
			);
			runOnlyForDeploymentPostprocessing = 0;
		};
		23F31A2020BF88FA006C9CFF /* Sources */ = {
			isa = PBXSourcesBuildPhase;
			buildActionMask = 2147483647;
			files = (
				23F31A2920BF88FA006C9CFF /* ScaneDemoUITests.m in Sources */,
			);
			runOnlyForDeploymentPostprocessing = 0;
		};
/* End PBXSourcesBuildPhase section */

/* Begin PBXTargetDependency section */
		23F31A1B20BF88FA006C9CFF /* PBXTargetDependency */ = {
			isa = PBXTargetDependency;
			target = 23F31A0020BF88F8006C9CFF /* ScaneDemo */;
			targetProxy = 23F31A1A20BF88FA006C9CFF /* PBXContainerItemProxy */;
		};
		23F31A2620BF88FA006C9CFF /* PBXTargetDependency */ = {
			isa = PBXTargetDependency;
			target = 23F31A0020BF88F8006C9CFF /* ScaneDemo */;
			targetProxy = 23F31A2520BF88FA006C9CFF /* PBXContainerItemProxy */;
		};
/* End PBXTargetDependency section */

/* Begin PBXVariantGroup section */
		23F31A0A20BF88F8006C9CFF /* Main.storyboard */ = {
			isa = PBXVariantGroup;
			children = (
				23F31A0B20BF88F8006C9CFF /* Base */,
			);
			name = Main.storyboard;
			sourceTree = "<group>";
		};
		23F31A0F20BF88FA006C9CFF /* LaunchScreen.storyboard */ = {
			isa = PBXVariantGroup;
			children = (
				23F31A1020BF88FA006C9CFF /* Base */,
			);
			name = LaunchScreen.storyboard;
			sourceTree = "<group>";
		};
/* End PBXVariantGroup section */

/* Begin XCBuildConfiguration section */
		23F31A2B20BF88FA006C9CFF /* Debug */ = {
			isa = XCBuildConfiguration;
			buildSettings = {
				ALWAYS_SEARCH_USER_PATHS = NO;
				CLANG_ANALYZER_NONNULL = YES;
				CLANG_ANALYZER_NUMBER_OBJECT_CONVERSION = YES_AGGRESSIVE;
				CLANG_CXX_LANGUAGE_STANDARD = "gnu++14";
				CLANG_CXX_LIBRARY = "libc++";
				CLANG_ENABLE_MODULES = YES;
				CLANG_ENABLE_OBJC_ARC = YES;
				CLANG_ENABLE_OBJC_WEAK = YES;
				CLANG_WARN_BLOCK_CAPTURE_AUTORELEASING = YES;
				CLANG_WARN_BOOL_CONVERSION = YES;
				CLANG_WARN_COMMA = YES;
				CLANG_WARN_CONSTANT_CONVERSION = YES;
				CLANG_WARN_DEPRECATED_OBJC_IMPLEMENTATIONS = YES;
				CLANG_WARN_DIRECT_OBJC_ISA_USAGE = YES_ERROR;
				CLANG_WARN_DOCUMENTATION_COMMENTS = YES;
				CLANG_WARN_EMPTY_BODY = YES;
				CLANG_WARN_ENUM_CONVERSION = YES;
				CLANG_WARN_INFINITE_RECURSION = YES;
				CLANG_WARN_INT_CONVERSION = YES;
				CLANG_WARN_NON_LITERAL_NULL_CONVERSION = YES;
				CLANG_WARN_OBJC_IMPLICIT_RETAIN_SELF = YES;
				CLANG_WARN_OBJC_LITERAL_CONVERSION = YES;
				CLANG_WARN_OBJC_ROOT_CLASS = YES_ERROR;
				CLANG_WARN_RANGE_LOOP_ANALYSIS = YES;
				CLANG_WARN_STRICT_PROTOTYPES = YES;
				CLANG_WARN_SUSPICIOUS_MOVE = YES;
				CLANG_WARN_UNGUARDED_AVAILABILITY = YES_AGGRESSIVE;
				CLANG_WARN_UNREACHABLE_CODE = YES;
				CLANG_WARN__DUPLICATE_METHOD_MATCH = YES;
				CODE_SIGN_IDENTITY = "iPhone Developer";
				COPY_PHASE_STRIP = NO;
				DEBUG_INFORMATION_FORMAT = dwarf;
				ENABLE_STRICT_OBJC_MSGSEND = YES;
				ENABLE_TESTABILITY = YES;
				GCC_C_LANGUAGE_STANDARD = gnu11;
				GCC_DYNAMIC_NO_PIC = NO;
				GCC_NO_COMMON_BLOCKS = YES;
				GCC_OPTIMIZATION_LEVEL = 0;
				GCC_PREPROCESSOR_DEFINITIONS = (
					"DEBUG=1",
					"$(inherited)",
				);
				GCC_WARN_64_TO_32_BIT_CONVERSION = YES;
				GCC_WARN_ABOUT_RETURN_TYPE = YES_ERROR;
				GCC_WARN_UNDECLARED_SELECTOR = YES;
				GCC_WARN_UNINITIALIZED_AUTOS = YES_AGGRESSIVE;
				GCC_WARN_UNUSED_FUNCTION = YES;
				GCC_WARN_UNUSED_VARIABLE = YES;
				IPHONEOS_DEPLOYMENT_TARGET = 11.3;
				MTL_ENABLE_DEBUG_INFO = YES;
				ONLY_ACTIVE_ARCH = YES;
				SDKROOT = iphoneos;
			};
			name = Debug;
		};
		23F31A2C20BF88FA006C9CFF /* Release */ = {
			isa = XCBuildConfiguration;
			buildSettings = {
				ALWAYS_SEARCH_USER_PATHS = NO;
				CLANG_ANALYZER_NONNULL = YES;
				CLANG_ANALYZER_NUMBER_OBJECT_CONVERSION = YES_AGGRESSIVE;
				CLANG_CXX_LANGUAGE_STANDARD = "gnu++14";
				CLANG_CXX_LIBRARY = "libc++";
				CLANG_ENABLE_MODULES = YES;
				CLANG_ENABLE_OBJC_ARC = YES;
				CLANG_ENABLE_OBJC_WEAK = YES;
				CLANG_WARN_BLOCK_CAPTURE_AUTORELEASING = YES;
				CLANG_WARN_BOOL_CONVERSION = YES;
				CLANG_WARN_COMMA = YES;
				CLANG_WARN_CONSTANT_CONVERSION = YES;
				CLANG_WARN_DEPRECATED_OBJC_IMPLEMENTATIONS = YES;
				CLANG_WARN_DIRECT_OBJC_ISA_USAGE = YES_ERROR;
				CLANG_WARN_DOCUMENTATION_COMMENTS = YES;
				CLANG_WARN_EMPTY_BODY = YES;
				CLANG_WARN_ENUM_CONVERSION = YES;
				CLANG_WARN_INFINITE_RECURSION = YES;
				CLANG_WARN_INT_CONVERSION = YES;
				CLANG_WARN_NON_LITERAL_NULL_CONVERSION = YES;
				CLANG_WARN_OBJC_IMPLICIT_RETAIN_SELF = YES;
				CLANG_WARN_OBJC_LITERAL_CONVERSION = YES;
				CLANG_WARN_OBJC_ROOT_CLASS = YES_ERROR;
				CLANG_WARN_RANGE_LOOP_ANALYSIS = YES;
				CLANG_WARN_STRICT_PROTOTYPES = YES;
				CLANG_WARN_SUSPICIOUS_MOVE = YES;
				CLANG_WARN_UNGUARDED_AVAILABILITY = YES_AGGRESSIVE;
				CLANG_WARN_UNREACHABLE_CODE = YES;
				CLANG_WARN__DUPLICATE_METHOD_MATCH = YES;
				CODE_SIGN_IDENTITY = "iPhone Developer";
				COPY_PHASE_STRIP = NO;
				DEBUG_INFORMATION_FORMAT = "dwarf-with-dsym";
				ENABLE_NS_ASSERTIONS = NO;
				ENABLE_STRICT_OBJC_MSGSEND = YES;
				GCC_C_LANGUAGE_STANDARD = gnu11;
				GCC_NO_COMMON_BLOCKS = YES;
				GCC_WARN_64_TO_32_BIT_CONVERSION = YES;
				GCC_WARN_ABOUT_RETURN_TYPE = YES_ERROR;
				GCC_WARN_UNDECLARED_SELECTOR = YES;
				GCC_WARN_UNINITIALIZED_AUTOS = YES_AGGRESSIVE;
				GCC_WARN_UNUSED_FUNCTION = YES;
				GCC_WARN_UNUSED_VARIABLE = YES;
				IPHONEOS_DEPLOYMENT_TARGET = 11.3;
				MTL_ENABLE_DEBUG_INFO = NO;
				SDKROOT = iphoneos;
				VALIDATE_PRODUCT = YES;
			};
			name = Release;
		};
		23F31A2E20BF88FA006C9CFF /* Debug */ = {
			isa = XCBuildConfiguration;
			baseConfigurationReference = 2DE9699D518309814226D672 /* Pods-ScaneDemo.debug.xcconfig */;
			buildSettings = {
				ASSETCATALOG_COMPILER_APPICON_NAME = AppIcon;
				CODE_SIGN_STYLE = Automatic;
				DEVELOPMENT_TEAM = W222R58V26;
				INFOPLIST_FILE = ScaneDemo/Info.plist;
				IPHONEOS_DEPLOYMENT_TARGET = 8.0;
				LD_RUNPATH_SEARCH_PATHS = (
					"$(inherited)",
					"@executable_path/Frameworks",
				);
				PRODUCT_BUNDLE_IDENTIFIER = com.okdeer.ScaneDemo;
				PRODUCT_NAME = "$(TARGET_NAME)";
				TARGETED_DEVICE_FAMILY = "1,2";
			};
			name = Debug;
		};
		23F31A2F20BF88FA006C9CFF /* Release */ = {
			isa = XCBuildConfiguration;
			baseConfigurationReference = 80233CEEEDC12DDD93F8E805 /* Pods-ScaneDemo.release.xcconfig */;
			buildSettings = {
				ASSETCATALOG_COMPILER_APPICON_NAME = AppIcon;
				CODE_SIGN_STYLE = Automatic;
				DEVELOPMENT_TEAM = W222R58V26;
				INFOPLIST_FILE = ScaneDemo/Info.plist;
				IPHONEOS_DEPLOYMENT_TARGET = 8.0;
				LD_RUNPATH_SEARCH_PATHS = (
					"$(inherited)",
					"@executable_path/Frameworks",
				);
				PRODUCT_BUNDLE_IDENTIFIER = com.okdeer.ScaneDemo;
				PRODUCT_NAME = "$(TARGET_NAME)";
				TARGETED_DEVICE_FAMILY = "1,2";
			};
			name = Release;
		};
		23F31A3120BF88FA006C9CFF /* Debug */ = {
			isa = XCBuildConfiguration;
			baseConfigurationReference = 888E8DAEC20A96576734AC25 /* Pods-ScaneDemoTests.debug.xcconfig */;
			buildSettings = {
				BUNDLE_LOADER = "$(TEST_HOST)";
				CODE_SIGN_STYLE = Automatic;
				INFOPLIST_FILE = ScaneDemoTests/Info.plist;
				LD_RUNPATH_SEARCH_PATHS = (
					"$(inherited)",
					"@executable_path/Frameworks",
					"@loader_path/Frameworks",
				);
				PRODUCT_BUNDLE_IDENTIFIER = com.okdeer.ScaneDemoTests;
				PRODUCT_NAME = "$(TARGET_NAME)";
				TARGETED_DEVICE_FAMILY = "1,2";
				TEST_HOST = "$(BUILT_PRODUCTS_DIR)/ScaneDemo.app/ScaneDemo";
			};
			name = Debug;
		};
		23F31A3220BF88FA006C9CFF /* Release */ = {
			isa = XCBuildConfiguration;
			baseConfigurationReference = 882FDCF75B57DF9FE755CBE6 /* Pods-ScaneDemoTests.release.xcconfig */;
			buildSettings = {
				BUNDLE_LOADER = "$(TEST_HOST)";
				CODE_SIGN_STYLE = Automatic;
				INFOPLIST_FILE = ScaneDemoTests/Info.plist;
				LD_RUNPATH_SEARCH_PATHS = (
					"$(inherited)",
					"@executable_path/Frameworks",
					"@loader_path/Frameworks",
				);
				PRODUCT_BUNDLE_IDENTIFIER = com.okdeer.ScaneDemoTests;
				PRODUCT_NAME = "$(TARGET_NAME)";
				TARGETED_DEVICE_FAMILY = "1,2";
				TEST_HOST = "$(BUILT_PRODUCTS_DIR)/ScaneDemo.app/ScaneDemo";
			};
			name = Release;
		};
		23F31A3420BF88FA006C9CFF /* Debug */ = {
			isa = XCBuildConfiguration;
			baseConfigurationReference = C13B86AA4A285FC68B3BE143 /* Pods-ScaneDemoUITests.debug.xcconfig */;
			buildSettings = {
				CODE_SIGN_STYLE = Automatic;
				INFOPLIST_FILE = ScaneDemoUITests/Info.plist;
				LD_RUNPATH_SEARCH_PATHS = (
					"$(inherited)",
					"@executable_path/Frameworks",
					"@loader_path/Frameworks",
				);
				PRODUCT_BUNDLE_IDENTIFIER = com.okdeer.ScaneDemoUITests;
				PRODUCT_NAME = "$(TARGET_NAME)";
				TARGETED_DEVICE_FAMILY = "1,2";
				TEST_TARGET_NAME = ScaneDemo;
			};
			name = Debug;
		};
		23F31A3520BF88FA006C9CFF /* Release */ = {
			isa = XCBuildConfiguration;
			baseConfigurationReference = B3FE97AE4C8AD4830B723902 /* Pods-ScaneDemoUITests.release.xcconfig */;
			buildSettings = {
				CODE_SIGN_STYLE = Automatic;
				INFOPLIST_FILE = ScaneDemoUITests/Info.plist;
				LD_RUNPATH_SEARCH_PATHS = (
					"$(inherited)",
					"@executable_path/Frameworks",
					"@loader_path/Frameworks",
				);
				PRODUCT_BUNDLE_IDENTIFIER = com.okdeer.ScaneDemoUITests;
				PRODUCT_NAME = "$(TARGET_NAME)";
				TARGETED_DEVICE_FAMILY = "1,2";
				TEST_TARGET_NAME = ScaneDemo;
			};
			name = Release;
		};
/* End XCBuildConfiguration section */

/* Begin XCConfigurationList section */
		23F319FC20BF88F8006C9CFF /* Build configuration list for PBXProject "ScaneDemo" */ = {
			isa = XCConfigurationList;
			buildConfigurations = (
				23F31A2B20BF88FA006C9CFF /* Debug */,
				23F31A2C20BF88FA006C9CFF /* Release */,
			);
			defaultConfigurationIsVisible = 0;
			defaultConfigurationName = Release;
		};
		23F31A2D20BF88FA006C9CFF /* Build configuration list for PBXNativeTarget "ScaneDemo" */ = {
			isa = XCConfigurationList;
			buildConfigurations = (
				23F31A2E20BF88FA006C9CFF /* Debug */,
				23F31A2F20BF88FA006C9CFF /* Release */,
			);
			defaultConfigurationIsVisible = 0;
			defaultConfigurationName = Release;
		};
		23F31A3020BF88FA006C9CFF /* Build configuration list for PBXNativeTarget "ScaneDemoTests" */ = {
			isa = XCConfigurationList;
			buildConfigurations = (
				23F31A3120BF88FA006C9CFF /* Debug */,
				23F31A3220BF88FA006C9CFF /* Release */,
			);
			defaultConfigurationIsVisible = 0;
			defaultConfigurationName = Release;
		};
		23F31A3320BF88FA006C9CFF /* Build configuration list for PBXNativeTarget "ScaneDemoUITests" */ = {
			isa = XCConfigurationList;
			buildConfigurations = (
				23F31A3420BF88FA006C9CFF /* Debug */,
				23F31A3520BF88FA006C9CFF /* Release */,
			);
			defaultConfigurationIsVisible = 0;
			defaultConfigurationName = Release;
		};
/* End XCConfigurationList section */
	};
	rootObject = 23F319F920BF88F8006C9CFF /* Project object */;
}
